<?xml version="1.0" encoding="utf-8"?>
<Project ToolsVersion="4.0" xmlns="http://schemas.microsoft.com/developer/msbuild/2003">
  <ItemGroup>
    <ClCompile Include="src\memory\heap_allocator.cpp">
      <Filter>src\memory</Filter>
    </ClCompile>
    <ClCompile Include="src\base_class.cpp">
      <Filter>src</Filter>
    </ClCompile>
    <ClCompile Include="src\main.cpp" />
    <ClCompile Include="src\string_builder.cpp" />
    <ClCompile Include="src\memory\allocation_manager.cpp">
      <Filter>src\memory</Filter>
    </ClCompile>
    <ClCompile Include="src\memory\base_allocator.cpp">
      <Filter>src\memory</Filter>
    </ClCompile>
    <ClCompile Include="src\base_class_services.cpp">
      <Filter>src</Filter>
    </ClCompile>
  </ItemGroup>
  <ItemGroup>
    <ClInclude Include="include\containers\map.hpp">
      <Filter>include\containers</Filter>
    </ClInclude>
    <ClInclude Include="include\string_builder.hpp">
      <Filter>include</Filter>
    </ClInclude>
    <ClInclude Include="include\memory\heap_allocator.hpp">
      <Filter>include\memory</Filter>
    </ClInclude>
    <ClInclude Include="include\memory\allocation_manager.hpp">
      <Filter>include\memory</Filter>
    </ClInclude>
    <ClInclude Include="include\memory\allocator_interface.hpp">
      <Filter>include\memory</Filter>
    </ClInclude>
    <ClInclude Include="include\memory\base_allocator.hpp">
      <Filter>include\memory</Filter>
    </ClInclude>
    <ClInclude Include="include\containers\container_common.hpp">
      <Filter>include\containers</Filter>
    </ClInclude>
    <ClInclude Include="include\containers\set.hpp">
      <Filter>include\containers</Filter>
    </ClInclude>
    <ClInclude Include="include\base_class.hpp">
      <Filter>include</Filter>
    </ClInclude>
    <ClInclude Include="include\containers\hash_map.hpp" />
    <ClInclude Include="include\containers\key_value_pair.hpp" />
    <ClInclude Include="include\containers\vector.hpp" />
    <ClInclude Include="include\base_class_services.hpp">
      <Filter>include</Filter>
    </ClInclude>
    <ClInclude Include="include\containers\base_container.hpp">
      <Filter>include\containers</Filter>
    </ClInclude>
  </ItemGroup>
  <ItemGroup>
    <Filter Include="include">
      <UniqueIdentifier>{7918abc3-eddf-4600-96e9-bbc99e4f37f3}</UniqueIdentifier>
    </Filter>
    <Filter Include="include\containers">
      <UniqueIdentifier>{191f3900-c973-42b2-9cc9-3b83914b3ecb}</UniqueIdentifier>
    </Filter>
    <Filter Include="src">
      <UniqueIdentifier>{d854beed-6391-4858-b7a0-f51a8ac16c87}</UniqueIdentifier>
    </Filter>
    <Filter Include="include\memory">
      <UniqueIdentifier>{7fceae86-8f01-43e8-aa90-95b7b117d337}</UniqueIdentifier>
    </Filter>
    <Filter Include="src\memory">
      <UniqueIdentifier>{d2376168-6413-4de3-b68c-7edc5525face}</UniqueIdentifier>
    </Filter>
  </ItemGroup>
</Project>