<?xml version="1.0" encoding="utf-8"?>
<Project ToolsVersion="4.0" xmlns="http://schemas.microsoft.com/developer/msbuild/2003">
  <ItemGroup>
    <ClCompile Include="src\base\jutil_base.cpp">
      <Filter>src\base</Filter>
    </ClCompile>
    <ClCompile Include="src\string\constant_string.cpp">
      <Filter>src\string</Filter>
    </ClCompile>
    <ClCompile Include="src\utils\logger.cpp">
      <Filter>src\base</Filter>
    </ClCompile>
    <ClCompile Include="src\string\constant_wide_string.cpp">
      <Filter>src\string</Filter>
    </ClCompile>
    <ClCompile Include="src\string\dynamic_wide_string.cpp">
      <Filter>src\string</Filter>
    </ClCompile>
    <ClCompile Include="src\string\dynamic_string.cpp">
      <Filter>src\string</Filter>
    </ClCompile>
    <ClCompile Include="src\memory\allocation_manager.cpp">
      <Filter>src\memory</Filter>
    </ClCompile>
    <ClCompile Include="src\jutil_version.cpp">
      <Filter>src</Filter>
    </ClCompile>
    <ClCompile Include="include\string\string_helpers.cpp">
      <Filter>src\string</Filter>
    </ClCompile>
  </ItemGroup>
  <ItemGroup>
    <ClInclude Include="include\containers\map.hpp">
      <Filter>include\containers</Filter>
    </ClInclude>
    <ClInclude Include="include\containers\container_common.hpp">
      <Filter>include\containers</Filter>
    </ClInclude>
    <ClInclude Include="include\containers\set.hpp">
      <Filter>include\containers</Filter>
    </ClInclude>
    <ClInclude Include="include\containers\base_container.hpp">
      <Filter>include\containers</Filter>
    </ClInclude>
    <ClInclude Include="include\containers\hash_map.hpp">
      <Filter>include\containers</Filter>
    </ClInclude>
    <ClInclude Include="include\containers\key_value_pair.hpp">
      <Filter>include\containers</Filter>
    </ClInclude>
    <ClInclude Include="include\containers\vector.hpp">
      <Filter>include\containers</Filter>
    </ClInclude>
    <ClInclude Include="include\base\jutil_base.hpp">
      <Filter>include\base</Filter>
    </ClInclude>
    <ClInclude Include="include\utils\logger.hpp">
      <Filter>include\base</Filter>
    </ClInclude>
    <ClInclude Include="include\containers\set_base.hpp">
      <Filter>include\containers</Filter>
    </ClInclude>
    <ClInclude Include="include\containers\map_base.hpp">
      <Filter>include\containers</Filter>
    </ClInclude>
    <ClInclude Include="include\containers\hash_map_base.hpp">
      <Filter>include\containers</Filter>
    </ClInclude>
    <ClInclude Include="include\string\string_hasher.hpp">
      <Filter>include\string</Filter>
    </ClInclude>
    <ClInclude Include="include\string\base_string.hpp">
      <Filter>include\string</Filter>
    </ClInclude>
    <ClInclude Include="include\memory\base_allocator.hpp">
      <Filter>include\memory</Filter>
    </ClInclude>
    <ClInclude Include="include\memory\array_builder.hpp">
      <Filter>include\memory</Filter>
    </ClInclude>
    <ClInclude Include="include\string\constant_wide_string.hpp">
      <Filter>include\string</Filter>
    </ClInclude>
    <ClInclude Include="include\string\base_dynamic_string.hpp">
      <Filter>include\string</Filter>
    </ClInclude>
    <ClInclude Include="include\string\base_constant_string.hpp">
      <Filter>include\string</Filter>
    </ClInclude>
    <ClInclude Include="include\string\constant_string.hpp">
      <Filter>include\string</Filter>
    </ClInclude>
    <ClInclude Include="include\string\dynamic_string.hpp">
      <Filter>include\string</Filter>
    </ClInclude>
    <ClInclude Include="include\string\dynamic_wide_string.hpp">
      <Filter>include\string</Filter>
    </ClInclude>
    <ClInclude Include="include\string\string.hpp">
      <Filter>include\string</Filter>
    </ClInclude>
    <ClInclude Include="include\memory\allocation_manager.hpp">
      <Filter>include\memory</Filter>
    </ClInclude>
    <ClInclude Include="include\string\md5.hpp">
      <Filter>include\string</Filter>
    </ClInclude>
    <ClInclude Include="include\jutil_version.hpp">
      <Filter>include</Filter>
    </ClInclude>
    <ClInclude Include="include\string\string_helpers.hpp">
      <Filter>include\string</Filter>
    </ClInclude>
  </ItemGroup>
  <ItemGroup>
    <Filter Include="include">
      <UniqueIdentifier>{7918abc3-eddf-4600-96e9-bbc99e4f37f3}</UniqueIdentifier>
    </Filter>
    <Filter Include="include\containers">
      <UniqueIdentifier>{191f3900-c973-42b2-9cc9-3b83914b3ecb}</UniqueIdentifier>
    </Filter>
    <Filter Include="src">
      <UniqueIdentifier>{d854beed-6391-4858-b7a0-f51a8ac16c87}</UniqueIdentifier>
    </Filter>
    <Filter Include="include\base">
      <UniqueIdentifier>{3fdf1e57-367a-4ffc-beef-9243b37045b8}</UniqueIdentifier>
    </Filter>
    <Filter Include="include\string">
      <UniqueIdentifier>{6d19858b-04e1-4100-ad3a-96c7762973d2}</UniqueIdentifier>
    </Filter>
    <Filter Include="src\base">
      <UniqueIdentifier>{653ae21e-6139-4141-96df-7a3677ff4766}</UniqueIdentifier>
    </Filter>
    <Filter Include="src\string">
      <UniqueIdentifier>{66e36805-0982-4559-a1b7-f7959a0035ba}</UniqueIdentifier>
    </Filter>
    <Filter Include="include\memory">
      <UniqueIdentifier>{5f225dd9-0035-4421-a6f3-6102ecbb4fca}</UniqueIdentifier>
    </Filter>
    <Filter Include="src\memory">
      <UniqueIdentifier>{5e28c091-f204-46dd-8561-52776964354f}</UniqueIdentifier>
    </Filter>
  </ItemGroup>
</Project>